// !$*UTF8*$!
{
	archiveVersion = 1;
	classes = {
	};
	objectVersion = 46;
	objects = {

/* Begin PBXBuildFile section */
		607FACD61AFB9204008FA782 /* AppDelegate.swift in Sources */ = {isa = PBXBuildFile; fileRef = 607FACD51AFB9204008FA782 /* AppDelegate.swift */; };
		607FACD81AFB9204008FA782 /* ViewController.swift in Sources */ = {isa = PBXBuildFile; fileRef = 607FACD71AFB9204008FA782 /* ViewController.swift */; };
		607FACDB1AFB9204008FA782 /* Main.storyboard in Resources */ = {isa = PBXBuildFile; fileRef = 607FACD91AFB9204008FA782 /* Main.storyboard */; };
		607FACDD1AFB9204008FA782 /* Images.xcassets in Resources */ = {isa = PBXBuildFile; fileRef = 607FACDC1AFB9204008FA782 /* Images.xcassets */; };
		607FACE01AFB9204008FA782 /* LaunchScreen.xib in Resources */ = {isa = PBXBuildFile; fileRef = 607FACDE1AFB9204008FA782 /* LaunchScreen.xib */; };
		607FACEC1AFB9204008FA782 /* Tests.swift in Sources */ = {isa = PBXBuildFile; fileRef = 607FACEB1AFB9204008FA782 /* Tests.swift */; };
		6568A8188184C315D91CBB25 /* Pods_MVVMCoordinatorKit_Tests.framework in Frameworks */ = {isa = PBXBuildFile; fileRef = 96B05B9E8BBF2B2D2C966558 /* Pods_MVVMCoordinatorKit_Tests.framework */; };
		70B1A3FF2AA0E6B200F108A3 /* AppCoordinator.swift in Sources */ = {isa = PBXBuildFile; fileRef = 70B1A3E32AA0E6B200F108A3 /* AppCoordinator.swift */; };
		70B1A4002AA0E6B200F108A3 /* OnboardingScreen.xib in Resources */ = {isa = PBXBuildFile; fileRef = 70B1A3E52AA0E6B200F108A3 /* OnboardingScreen.xib */; };
		70B1A4012AA0E6B200F108A3 /* OnboardingCoordinator.swift in Sources */ = {isa = PBXBuildFile; fileRef = 70B1A3E62AA0E6B200F108A3 /* OnboardingCoordinator.swift */; };
		70B1A4022AA0E6B200F108A3 /* OnboardingScreen.swift in Sources */ = {isa = PBXBuildFile; fileRef = 70B1A3E72AA0E6B200F108A3 /* OnboardingScreen.swift */; };
		70B1A4032AA0E6B200F108A3 /* OnboardingScreenModel.swift in Sources */ = {isa = PBXBuildFile; fileRef = 70B1A3E82AA0E6B200F108A3 /* OnboardingScreenModel.swift */; };
		70D9E6C52AA1CFC900718B2B /* TodayCoordinator.swift in Sources */ = {isa = PBXBuildFile; fileRef = 70B1A3EE2AA0E6B200F108A3 /* TodayCoordinator.swift */; };
		70D9E6C62AA1CFC900718B2B /* TodayScreen.swift in Sources */ = {isa = PBXBuildFile; fileRef = 70B1A3EB2AA0E6B200F108A3 /* TodayScreen.swift */; };
		70D9E6C72AA1CFC900718B2B /* InterestsScreenModel.swift in Sources */ = {isa = PBXBuildFile; fileRef = 70B1A3DD2AA0E6B100F108A3 /* InterestsScreenModel.swift */; };
		70D9E6C82AA1CFC900718B2B /* AuthorizeScreenModel.swift in Sources */ = {isa = PBXBuildFile; fileRef = 70B1A3E12AA0E6B100F108A3 /* AuthorizeScreenModel.swift */; };
		70D9E6C92AA1CFC900718B2B /* InterestsScreen.swift in Sources */ = {isa = PBXBuildFile; fileRef = 70B1A3DE2AA0E6B100F108A3 /* InterestsScreen.swift */; };
		70D9E6CA2AA1CFC900718B2B /* AuthorizeScreen.xib in Resources */ = {isa = PBXBuildFile; fileRef = 70B1A3E22AA0E6B100F108A3 /* AuthorizeScreen.xib */; };
		70D9E6CB2AA1CFC900718B2B /* CreateAccountScreen.swift in Sources */ = {isa = PBXBuildFile; fileRef = 70B1A3D42AA0E6B100F108A3 /* CreateAccountScreen.swift */; };
		70D9E6CC2AA1CFC900718B2B /* SetupProfileScreen.swift in Sources */ = {isa = PBXBuildFile; fileRef = 70B1A3D72AA0E6B100F108A3 /* SetupProfileScreen.swift */; };
		70D9E6CD2AA1CFC900718B2B /* SetupProfileScreenModel.swift in Sources */ = {isa = PBXBuildFile; fileRef = 70B1A3D82AA0E6B100F108A3 /* SetupProfileScreenModel.swift */; };
		70D9E6CE2AA1CFC900718B2B /* InterestsScreen.xib in Resources */ = {isa = PBXBuildFile; fileRef = 70B1A3DC2AA0E6B100F108A3 /* InterestsScreen.xib */; };
		70D9E6CF2AA1CFC900718B2B /* TodayScreenModel.swift in Sources */ = {isa = PBXBuildFile; fileRef = 70B1A3ED2AA0E6B200F108A3 /* TodayScreenModel.swift */; };
		70D9E6D02AA1CFC900718B2B /* HomeCoordinator.swift in Sources */ = {isa = PBXBuildFile; fileRef = 70B1A3F12AA0E6B200F108A3 /* HomeCoordinator.swift */; };
		70D9E6D12AA1CFC900718B2B /* CreateAccountCoordinator.swift in Sources */ = {isa = PBXBuildFile; fileRef = 70B1A3DA2AA0E6B100F108A3 /* CreateAccountCoordinator.swift */; };
		70D9E6D22AA1CFC900718B2B /* SuggestedCoordinator.swift in Sources */ = {isa = PBXBuildFile; fileRef = 70B1A3F02AA0E6B200F108A3 /* SuggestedCoordinator.swift */; };
		70D9E6D32AA1CFC900718B2B /* SetupProfileScreen.xib in Resources */ = {isa = PBXBuildFile; fileRef = 70B1A3D92AA0E6B100F108A3 /* SetupProfileScreen.xib */; };
		70D9E6D42AA1CFC900718B2B /* CreateAccountScreen.xib in Resources */ = {isa = PBXBuildFile; fileRef = 70B1A3D52AA0E6B100F108A3 /* CreateAccountScreen.xib */; };
		70D9E6D52AA1CFC900718B2B /* TodayScreen.xib in Resources */ = {isa = PBXBuildFile; fileRef = 70B1A3EC2AA0E6B200F108A3 /* TodayScreen.xib */; };
		70D9E6D62AA1CFC900718B2B /* CreateAccountScreenModel.swift in Sources */ = {isa = PBXBuildFile; fileRef = 70B1A3D32AA0E6B100F108A3 /* CreateAccountScreenModel.swift */; };
		70D9E6D72AA1CFC900718B2B /* AuthorizeScreen.swift in Sources */ = {isa = PBXBuildFile; fileRef = 70B1A3E02AA0E6B100F108A3 /* AuthorizeScreen.swift */; };
		834115352AF05EF6D4E3372C /* Pods_MVVMCoordinatorKit_Example.framework in Frameworks */ = {isa = PBXBuildFile; fileRef = 808F37CFC9CD353674D6261C /* Pods_MVVMCoordinatorKit_Example.framework */; };
/* End PBXBuildFile section */

/* Begin PBXContainerItemProxy section */
		607FACE61AFB9204008FA782 /* PBXContainerItemProxy */ = {
			isa = PBXContainerItemProxy;
			containerPortal = 607FACC81AFB9204008FA782 /* Project object */;
			proxyType = 1;
			remoteGlobalIDString = 607FACCF1AFB9204008FA782;
			remoteInfo = MVVMCoordinatorKit;
		};
/* End PBXContainerItemProxy section */

/* Begin PBXFileReference section */
		3367BC2C8A28260DFF6CF788 /* Pods-MVVMCoordinatorKit_Tests.debug.xcconfig */ = {isa = PBXFileReference; includeInIndex = 1; lastKnownFileType = text.xcconfig; name = "Pods-MVVMCoordinatorKit_Tests.debug.xcconfig"; path = "Target Support Files/Pods-MVVMCoordinatorKit_Tests/Pods-MVVMCoordinatorKit_Tests.debug.xcconfig"; sourceTree = "<group>"; };
		36DFCDAA04F8F8D26A8A54FA /* README.md */ = {isa = PBXFileReference; includeInIndex = 1; lastKnownFileType = net.daringfireball.markdown; name = README.md; path = ../README.md; sourceTree = "<group>"; };
		371809C43CCC5B3EDC25DF63 /* Pods-MVVMCoordinatorKit_Example.debug.xcconfig */ = {isa = PBXFileReference; includeInIndex = 1; lastKnownFileType = text.xcconfig; name = "Pods-MVVMCoordinatorKit_Example.debug.xcconfig"; path = "Target Support Files/Pods-MVVMCoordinatorKit_Example/Pods-MVVMCoordinatorKit_Example.debug.xcconfig"; sourceTree = "<group>"; };
		38EF5BDFE9FDF68E65122683 /* LICENSE */ = {isa = PBXFileReference; includeInIndex = 1; lastKnownFileType = text; name = LICENSE; path = ../LICENSE; sourceTree = "<group>"; };
		607FACD01AFB9204008FA782 /* MVVMCoordinatorKit_Example.app */ = {isa = PBXFileReference; explicitFileType = wrapper.application; includeInIndex = 0; path = MVVMCoordinatorKit_Example.app; sourceTree = BUILT_PRODUCTS_DIR; };
		607FACD41AFB9204008FA782 /* Info.plist */ = {isa = PBXFileReference; lastKnownFileType = text.plist.xml; path = Info.plist; sourceTree = "<group>"; };
		607FACD51AFB9204008FA782 /* AppDelegate.swift */ = {isa = PBXFileReference; lastKnownFileType = sourcecode.swift; path = AppDelegate.swift; sourceTree = "<group>"; };
		607FACD71AFB9204008FA782 /* ViewController.swift */ = {isa = PBXFileReference; lastKnownFileType = sourcecode.swift; path = ViewController.swift; sourceTree = "<group>"; };
		607FACDA1AFB9204008FA782 /* Base */ = {isa = PBXFileReference; lastKnownFileType = file.storyboard; name = Base; path = Base.lproj/Main.storyboard; sourceTree = "<group>"; };
		607FACDC1AFB9204008FA782 /* Images.xcassets */ = {isa = PBXFileReference; lastKnownFileType = folder.assetcatalog; path = Images.xcassets; sourceTree = "<group>"; };
		607FACDF1AFB9204008FA782 /* Base */ = {isa = PBXFileReference; lastKnownFileType = file.xib; name = Base; path = Base.lproj/LaunchScreen.xib; sourceTree = "<group>"; };
		607FACE51AFB9204008FA782 /* MVVMCoordinatorKit_Tests.xctest */ = {isa = PBXFileReference; explicitFileType = wrapper.cfbundle; includeInIndex = 0; path = MVVMCoordinatorKit_Tests.xctest; sourceTree = BUILT_PRODUCTS_DIR; };
		607FACEA1AFB9204008FA782 /* Info.plist */ = {isa = PBXFileReference; lastKnownFileType = text.plist.xml; path = Info.plist; sourceTree = "<group>"; };
		607FACEB1AFB9204008FA782 /* Tests.swift */ = {isa = PBXFileReference; lastKnownFileType = sourcecode.swift; path = Tests.swift; sourceTree = "<group>"; };
		70B1A3D32AA0E6B100F108A3 /* CreateAccountScreenModel.swift */ = {isa = PBXFileReference; fileEncoding = 4; lastKnownFileType = sourcecode.swift; path = CreateAccountScreenModel.swift; sourceTree = "<group>"; };
		70B1A3D42AA0E6B100F108A3 /* CreateAccountScreen.swift */ = {isa = PBXFileReference; fileEncoding = 4; lastKnownFileType = sourcecode.swift; path = CreateAccountScreen.swift; sourceTree = "<group>"; };
		70B1A3D52AA0E6B100F108A3 /* CreateAccountScreen.xib */ = {isa = PBXFileReference; fileEncoding = 4; lastKnownFileType = file.xib; path = CreateAccountScreen.xib; sourceTree = "<group>"; };
		70B1A3D72AA0E6B100F108A3 /* SetupProfileScreen.swift */ = {isa = PBXFileReference; fileEncoding = 4; lastKnownFileType = sourcecode.swift; path = SetupProfileScreen.swift; sourceTree = "<group>"; };
		70B1A3D82AA0E6B100F108A3 /* SetupProfileScreenModel.swift */ = {isa = PBXFileReference; fileEncoding = 4; lastKnownFileType = sourcecode.swift; path = SetupProfileScreenModel.swift; sourceTree = "<group>"; };
		70B1A3D92AA0E6B100F108A3 /* SetupProfileScreen.xib */ = {isa = PBXFileReference; fileEncoding = 4; lastKnownFileType = file.xib; path = SetupProfileScreen.xib; sourceTree = "<group>"; };
		70B1A3DA2AA0E6B100F108A3 /* CreateAccountCoordinator.swift */ = {isa = PBXFileReference; fileEncoding = 4; lastKnownFileType = sourcecode.swift; path = CreateAccountCoordinator.swift; sourceTree = "<group>"; };
		70B1A3DC2AA0E6B100F108A3 /* InterestsScreen.xib */ = {isa = PBXFileReference; fileEncoding = 4; lastKnownFileType = file.xib; path = InterestsScreen.xib; sourceTree = "<group>"; };
		70B1A3DD2AA0E6B100F108A3 /* InterestsScreenModel.swift */ = {isa = PBXFileReference; fileEncoding = 4; lastKnownFileType = sourcecode.swift; path = InterestsScreenModel.swift; sourceTree = "<group>"; };
		70B1A3DE2AA0E6B100F108A3 /* InterestsScreen.swift */ = {isa = PBXFileReference; fileEncoding = 4; lastKnownFileType = sourcecode.swift; path = InterestsScreen.swift; sourceTree = "<group>"; };
		70B1A3E02AA0E6B100F108A3 /* AuthorizeScreen.swift */ = {isa = PBXFileReference; fileEncoding = 4; lastKnownFileType = sourcecode.swift; path = AuthorizeScreen.swift; sourceTree = "<group>"; };
		70B1A3E12AA0E6B100F108A3 /* AuthorizeScreenModel.swift */ = {isa = PBXFileReference; fileEncoding = 4; lastKnownFileType = sourcecode.swift; path = AuthorizeScreenModel.swift; sourceTree = "<group>"; };
		70B1A3E22AA0E6B100F108A3 /* AuthorizeScreen.xib */ = {isa = PBXFileReference; fileEncoding = 4; lastKnownFileType = file.xib; path = AuthorizeScreen.xib; sourceTree = "<group>"; };
		70B1A3E32AA0E6B200F108A3 /* AppCoordinator.swift */ = {isa = PBXFileReference; fileEncoding = 4; lastKnownFileType = sourcecode.swift; path = AppCoordinator.swift; sourceTree = "<group>"; };
		70B1A3E52AA0E6B200F108A3 /* OnboardingScreen.xib */ = {isa = PBXFileReference; fileEncoding = 4; lastKnownFileType = file.xib; path = OnboardingScreen.xib; sourceTree = "<group>"; };
		70B1A3E62AA0E6B200F108A3 /* OnboardingCoordinator.swift */ = {isa = PBXFileReference; fileEncoding = 4; lastKnownFileType = sourcecode.swift; path = OnboardingCoordinator.swift; sourceTree = "<group>"; };
		70B1A3E72AA0E6B200F108A3 /* OnboardingScreen.swift */ = {isa = PBXFileReference; fileEncoding = 4; lastKnownFileType = sourcecode.swift; path = OnboardingScreen.swift; sourceTree = "<group>"; };
		70B1A3E82AA0E6B200F108A3 /* OnboardingScreenModel.swift */ = {isa = PBXFileReference; fileEncoding = 4; lastKnownFileType = sourcecode.swift; path = OnboardingScreenModel.swift; sourceTree = "<group>"; };
		70B1A3EB2AA0E6B200F108A3 /* TodayScreen.swift */ = {isa = PBXFileReference; fileEncoding = 4; lastKnownFileType = sourcecode.swift; path = TodayScreen.swift; sourceTree = "<group>"; };
		70B1A3EC2AA0E6B200F108A3 /* TodayScreen.xib */ = {isa = PBXFileReference; fileEncoding = 4; lastKnownFileType = file.xib; path = TodayScreen.xib; sourceTree = "<group>"; };
		70B1A3ED2AA0E6B200F108A3 /* TodayScreenModel.swift */ = {isa = PBXFileReference; fileEncoding = 4; lastKnownFileType = sourcecode.swift; path = TodayScreenModel.swift; sourceTree = "<group>"; };
		70B1A3EE2AA0E6B200F108A3 /* TodayCoordinator.swift */ = {isa = PBXFileReference; fileEncoding = 4; lastKnownFileType = sourcecode.swift; path = TodayCoordinator.swift; sourceTree = "<group>"; };
		70B1A3F02AA0E6B200F108A3 /* SuggestedCoordinator.swift */ = {isa = PBXFileReference; fileEncoding = 4; lastKnownFileType = sourcecode.swift; path = SuggestedCoordinator.swift; sourceTree = "<group>"; };
		70B1A3F12AA0E6B200F108A3 /* HomeCoordinator.swift */ = {isa = PBXFileReference; fileEncoding = 4; lastKnownFileType = sourcecode.swift; path = HomeCoordinator.swift; sourceTree = "<group>"; };
		808F37CFC9CD353674D6261C /* Pods_MVVMCoordinatorKit_Example.framework */ = {isa = PBXFileReference; explicitFileType = wrapper.framework; includeInIndex = 0; path = Pods_MVVMCoordinatorKit_Example.framework; sourceTree = BUILT_PRODUCTS_DIR; };
		96B05B9E8BBF2B2D2C966558 /* Pods_MVVMCoordinatorKit_Tests.framework */ = {isa = PBXFileReference; explicitFileType = wrapper.framework; includeInIndex = 0; path = Pods_MVVMCoordinatorKit_Tests.framework; sourceTree = BUILT_PRODUCTS_DIR; };
		C3086764B073B75BE11D3E03 /* MVVMCoordinatorKit.podspec */ = {isa = PBXFileReference; includeInIndex = 1; lastKnownFileType = text; name = MVVMCoordinatorKit.podspec; path = ../MVVMCoordinatorKit.podspec; sourceTree = "<group>"; xcLanguageSpecificationIdentifier = xcode.lang.ruby; };
		C3A9B71990E2B8762C569B76 /* Pods-MVVMCoordinatorKit_Tests.release.xcconfig */ = {isa = PBXFileReference; includeInIndex = 1; lastKnownFileType = text.xcconfig; name = "Pods-MVVMCoordinatorKit_Tests.release.xcconfig"; path = "Target Support Files/Pods-MVVMCoordinatorKit_Tests/Pods-MVVMCoordinatorKit_Tests.release.xcconfig"; sourceTree = "<group>"; };
		D8188E2B5F7F29FD1E04346B /* Pods-MVVMCoordinatorKit_Example.release.xcconfig */ = {isa = PBXFileReference; includeInIndex = 1; lastKnownFileType = text.xcconfig; name = "Pods-MVVMCoordinatorKit_Example.release.xcconfig"; path = "Target Support Files/Pods-MVVMCoordinatorKit_Example/Pods-MVVMCoordinatorKit_Example.release.xcconfig"; sourceTree = "<group>"; };
/* End PBXFileReference section */

/* Begin PBXFrameworksBuildPhase section */
		607FACCD1AFB9204008FA782 /* Frameworks */ = {
			isa = PBXFrameworksBuildPhase;
			buildActionMask = 2147483647;
			files = (
				834115352AF05EF6D4E3372C /* Pods_MVVMCoordinatorKit_Example.framework in Frameworks */,
			);
			runOnlyForDeploymentPostprocessing = 0;
		};
		607FACE21AFB9204008FA782 /* Frameworks */ = {
			isa = PBXFrameworksBuildPhase;
			buildActionMask = 2147483647;
			files = (
				6568A8188184C315D91CBB25 /* Pods_MVVMCoordinatorKit_Tests.framework in Frameworks */,
			);
			runOnlyForDeploymentPostprocessing = 0;
		};
/* End PBXFrameworksBuildPhase section */

/* Begin PBXGroup section */
		343622D2D40951F630BAEDA2 /* Pods */ = {
			isa = PBXGroup;
			children = (
				371809C43CCC5B3EDC25DF63 /* Pods-MVVMCoordinatorKit_Example.debug.xcconfig */,
				D8188E2B5F7F29FD1E04346B /* Pods-MVVMCoordinatorKit_Example.release.xcconfig */,
				3367BC2C8A28260DFF6CF788 /* Pods-MVVMCoordinatorKit_Tests.debug.xcconfig */,
				C3A9B71990E2B8762C569B76 /* Pods-MVVMCoordinatorKit_Tests.release.xcconfig */,
			);
			path = Pods;
			sourceTree = "<group>";
		};
		607FACC71AFB9204008FA782 = {
			isa = PBXGroup;
			children = (
				607FACF51AFB993E008FA782 /* Podspec Metadata */,
				607FACD21AFB9204008FA782 /* Example for MVVMCoordinatorKit */,
				607FACE81AFB9204008FA782 /* Tests */,
				607FACD11AFB9204008FA782 /* Products */,
				343622D2D40951F630BAEDA2 /* Pods */,
				D602E3085AEF5BD216D35F26 /* Frameworks */,
			);
			sourceTree = "<group>";
		};
		607FACD11AFB9204008FA782 /* Products */ = {
			isa = PBXGroup;
			children = (
				607FACD01AFB9204008FA782 /* MVVMCoordinatorKit_Example.app */,
				607FACE51AFB9204008FA782 /* MVVMCoordinatorKit_Tests.xctest */,
			);
			name = Products;
			sourceTree = "<group>";
		};
		607FACD21AFB9204008FA782 /* Example for MVVMCoordinatorKit */ = {
			isa = PBXGroup;
			children = (
				607FACD51AFB9204008FA782 /* AppDelegate.swift */,
				70B1A3E32AA0E6B200F108A3 /* AppCoordinator.swift */,
				70B1A3DF2AA0E6B100F108A3 /* Authorize */,
				70B1A3D12AA0E6B100F108A3 /* Create Account */,
				70B1A3E92AA0E6B200F108A3 /* Home */,
				70B1A3E42AA0E6B200F108A3 /* Onboarding */,
				607FACD71AFB9204008FA782 /* ViewController.swift */,
				607FACD91AFB9204008FA782 /* Main.storyboard */,
				607FACDC1AFB9204008FA782 /* Images.xcassets */,
				607FACDE1AFB9204008FA782 /* LaunchScreen.xib */,
				607FACD31AFB9204008FA782 /* Supporting Files */,
			);
			name = "Example for MVVMCoordinatorKit";
			path = MVVMCoordinatorKit;
			sourceTree = "<group>";
		};
		607FACD31AFB9204008FA782 /* Supporting Files */ = {
			isa = PBXGroup;
			children = (
				607FACD41AFB9204008FA782 /* Info.plist */,
			);
			name = "Supporting Files";
			sourceTree = "<group>";
		};
		607FACE81AFB9204008FA782 /* Tests */ = {
			isa = PBXGroup;
			children = (
				607FACEB1AFB9204008FA782 /* Tests.swift */,
				607FACE91AFB9204008FA782 /* Supporting Files */,
			);
			path = Tests;
			sourceTree = "<group>";
		};
		607FACE91AFB9204008FA782 /* Supporting Files */ = {
			isa = PBXGroup;
			children = (
				607FACEA1AFB9204008FA782 /* Info.plist */,
			);
			name = "Supporting Files";
			sourceTree = "<group>";
		};
		607FACF51AFB993E008FA782 /* Podspec Metadata */ = {
			isa = PBXGroup;
			children = (
				C3086764B073B75BE11D3E03 /* MVVMCoordinatorKit.podspec */,
				36DFCDAA04F8F8D26A8A54FA /* README.md */,
				38EF5BDFE9FDF68E65122683 /* LICENSE */,
			);
			name = "Podspec Metadata";
			sourceTree = "<group>";
		};
		70B1A3D12AA0E6B100F108A3 /* Create Account */ = {
			isa = PBXGroup;
			children = (
				70B1A3D22AA0E6B100F108A3 /* Create Account */,
				70B1A3D62AA0E6B100F108A3 /* Setup Profile */,
				70B1A3DA2AA0E6B100F108A3 /* CreateAccountCoordinator.swift */,
				70B1A3DB2AA0E6B100F108A3 /* Interests */,
			);
			path = "Create Account";
			sourceTree = "<group>";
		};
		70B1A3D22AA0E6B100F108A3 /* Create Account */ = {
			isa = PBXGroup;
			children = (
				70B1A3D32AA0E6B100F108A3 /* CreateAccountScreenModel.swift */,
				70B1A3D42AA0E6B100F108A3 /* CreateAccountScreen.swift */,
				70B1A3D52AA0E6B100F108A3 /* CreateAccountScreen.xib */,
			);
			path = "Create Account";
			sourceTree = "<group>";
		};
		70B1A3D62AA0E6B100F108A3 /* Setup Profile */ = {
			isa = PBXGroup;
			children = (
				70B1A3D72AA0E6B100F108A3 /* SetupProfileScreen.swift */,
				70B1A3D82AA0E6B100F108A3 /* SetupProfileScreenModel.swift */,
				70B1A3D92AA0E6B100F108A3 /* SetupProfileScreen.xib */,
			);
			path = "Setup Profile";
			sourceTree = "<group>";
		};
		70B1A3DB2AA0E6B100F108A3 /* Interests */ = {
			isa = PBXGroup;
			children = (
				70B1A3DC2AA0E6B100F108A3 /* InterestsScreen.xib */,
				70B1A3DD2AA0E6B100F108A3 /* InterestsScreenModel.swift */,
				70B1A3DE2AA0E6B100F108A3 /* InterestsScreen.swift */,
			);
			path = Interests;
			sourceTree = "<group>";
		};
		70B1A3DF2AA0E6B100F108A3 /* Authorize */ = {
			isa = PBXGroup;
			children = (
				70B1A3E02AA0E6B100F108A3 /* AuthorizeScreen.swift */,
				70B1A3E12AA0E6B100F108A3 /* AuthorizeScreenModel.swift */,
				70B1A3E22AA0E6B100F108A3 /* AuthorizeScreen.xib */,
			);
			path = Authorize;
			sourceTree = "<group>";
		};
		70B1A3E42AA0E6B200F108A3 /* Onboarding */ = {
			isa = PBXGroup;
			children = (
				70B1A3E52AA0E6B200F108A3 /* OnboardingScreen.xib */,
				70B1A3E62AA0E6B200F108A3 /* OnboardingCoordinator.swift */,
				70B1A3E72AA0E6B200F108A3 /* OnboardingScreen.swift */,
				70B1A3E82AA0E6B200F108A3 /* OnboardingScreenModel.swift */,
			);
			path = Onboarding;
			sourceTree = "<group>";
		};
		70B1A3E92AA0E6B200F108A3 /* Home */ = {
			isa = PBXGroup;
			children = (
				70B1A3EA2AA0E6B200F108A3 /* Today */,
				70B1A3EF2AA0E6B200F108A3 /* Suggested */,
				70B1A3F12AA0E6B200F108A3 /* HomeCoordinator.swift */,
			);
			path = Home;
			sourceTree = "<group>";
		};
		70B1A3EA2AA0E6B200F108A3 /* Today */ = {
			isa = PBXGroup;
			children = (
				70B1A3EB2AA0E6B200F108A3 /* TodayScreen.swift */,
				70B1A3EC2AA0E6B200F108A3 /* TodayScreen.xib */,
				70B1A3ED2AA0E6B200F108A3 /* TodayScreenModel.swift */,
				70B1A3EE2AA0E6B200F108A3 /* TodayCoordinator.swift */,
			);
			path = Today;
			sourceTree = "<group>";
		};
		70B1A3EF2AA0E6B200F108A3 /* Suggested */ = {
			isa = PBXGroup;
			children = (
				70B1A3F02AA0E6B200F108A3 /* SuggestedCoordinator.swift */,
			);
			path = Suggested;
			sourceTree = "<group>";
		};
		D602E3085AEF5BD216D35F26 /* Frameworks */ = {
			isa = PBXGroup;
			children = (
				808F37CFC9CD353674D6261C /* Pods_MVVMCoordinatorKit_Example.framework */,
				96B05B9E8BBF2B2D2C966558 /* Pods_MVVMCoordinatorKit_Tests.framework */,
			);
			name = Frameworks;
			sourceTree = "<group>";
		};
/* End PBXGroup section */

/* Begin PBXNativeTarget section */
		607FACCF1AFB9204008FA782 /* MVVMCoordinatorKit_Example */ = {
			isa = PBXNativeTarget;
			buildConfigurationList = 607FACEF1AFB9204008FA782 /* Build configuration list for PBXNativeTarget "MVVMCoordinatorKit_Example" */;
			buildPhases = (
				2540782878581B514D9695E9 /* [CP] Check Pods Manifest.lock */,
				607FACCC1AFB9204008FA782 /* Sources */,
				607FACCD1AFB9204008FA782 /* Frameworks */,
				607FACCE1AFB9204008FA782 /* Resources */,
				D6F917CDCC4D6267AA046DFF /* [CP] Embed Pods Frameworks */,
			);
			buildRules = (
			);
			dependencies = (
			);
			name = MVVMCoordinatorKit_Example;
			productName = MVVMCoordinatorKit;
			productReference = 607FACD01AFB9204008FA782 /* MVVMCoordinatorKit_Example.app */;
			productType = "com.apple.product-type.application";
		};
		607FACE41AFB9204008FA782 /* MVVMCoordinatorKit_Tests */ = {
			isa = PBXNativeTarget;
			buildConfigurationList = 607FACF21AFB9204008FA782 /* Build configuration list for PBXNativeTarget "MVVMCoordinatorKit_Tests" */;
			buildPhases = (
				3D03BB6ED78690B9568764F0 /* [CP] Check Pods Manifest.lock */,
				607FACE11AFB9204008FA782 /* Sources */,
				607FACE21AFB9204008FA782 /* Frameworks */,
				607FACE31AFB9204008FA782 /* Resources */,
			);
			buildRules = (
			);
			dependencies = (
				607FACE71AFB9204008FA782 /* PBXTargetDependency */,
			);
			name = MVVMCoordinatorKit_Tests;
			productName = Tests;
			productReference = 607FACE51AFB9204008FA782 /* MVVMCoordinatorKit_Tests.xctest */;
			productType = "com.apple.product-type.bundle.unit-test";
		};
/* End PBXNativeTarget section */

/* Begin PBXProject section */
		607FACC81AFB9204008FA782 /* Project object */ = {
			isa = PBXProject;
			attributes = {
				LastSwiftUpdateCheck = 0830;
				LastUpgradeCheck = 0830;
				ORGANIZATIONNAME = CocoaPods;
				TargetAttributes = {
					607FACCF1AFB9204008FA782 = {
						CreatedOnToolsVersion = 6.3.1;
						LastSwiftMigration = 0900;
					};
					607FACE41AFB9204008FA782 = {
						CreatedOnToolsVersion = 6.3.1;
						LastSwiftMigration = 0900;
						TestTargetID = 607FACCF1AFB9204008FA782;
					};
				};
			};
			buildConfigurationList = 607FACCB1AFB9204008FA782 /* Build configuration list for PBXProject "MVVMCoordinatorKit" */;
			compatibilityVersion = "Xcode 3.2";
			developmentRegion = English;
			hasScannedForEncodings = 0;
			knownRegions = (
				English,
				en,
				Base,
			);
			mainGroup = 607FACC71AFB9204008FA782;
			productRefGroup = 607FACD11AFB9204008FA782 /* Products */;
			projectDirPath = "";
			projectRoot = "";
			targets = (
				607FACCF1AFB9204008FA782 /* MVVMCoordinatorKit_Example */,
				607FACE41AFB9204008FA782 /* MVVMCoordinatorKit_Tests */,
			);
		};
/* End PBXProject section */

/* Begin PBXResourcesBuildPhase section */
		607FACCE1AFB9204008FA782 /* Resources */ = {
			isa = PBXResourcesBuildPhase;
			buildActionMask = 2147483647;
			files = (
				70B1A4002AA0E6B200F108A3 /* OnboardingScreen.xib in Resources */,
				70D9E6D42AA1CFC900718B2B /* CreateAccountScreen.xib in Resources */,
				607FACDB1AFB9204008FA782 /* Main.storyboard in Resources */,
				70D9E6D52AA1CFC900718B2B /* TodayScreen.xib in Resources */,
				607FACE01AFB9204008FA782 /* LaunchScreen.xib in Resources */,
				70D9E6D32AA1CFC900718B2B /* SetupProfileScreen.xib in Resources */,
				70D9E6CE2AA1CFC900718B2B /* InterestsScreen.xib in Resources */,
				70D9E6CA2AA1CFC900718B2B /* AuthorizeScreen.xib in Resources */,
				607FACDD1AFB9204008FA782 /* Images.xcassets in Resources */,
			);
			runOnlyForDeploymentPostprocessing = 0;
		};
		607FACE31AFB9204008FA782 /* Resources */ = {
			isa = PBXResourcesBuildPhase;
			buildActionMask = 2147483647;
			files = (
			);
			runOnlyForDeploymentPostprocessing = 0;
		};
/* End PBXResourcesBuildPhase section */

/* Begin PBXShellScriptBuildPhase section */
		2540782878581B514D9695E9 /* [CP] Check Pods Manifest.lock */ = {
			isa = PBXShellScriptBuildPhase;
			buildActionMask = 2147483647;
			files = (
			);
			inputFileListPaths = (
			);
			inputPaths = (
				"${PODS_PODFILE_DIR_PATH}/Podfile.lock",
				"${PODS_ROOT}/Manifest.lock",
			);
			name = "[CP] Check Pods Manifest.lock";
			outputFileListPaths = (
			);
			outputPaths = (
				"$(DERIVED_FILE_DIR)/Pods-MVVMCoordinatorKit_Example-checkManifestLockResult.txt",
			);
			runOnlyForDeploymentPostprocessing = 0;
			shellPath = /bin/sh;
			shellScript = "diff \"${PODS_PODFILE_DIR_PATH}/Podfile.lock\" \"${PODS_ROOT}/Manifest.lock\" > /dev/null\nif [ $? != 0 ] ; then\n    # print error to STDERR\n    echo \"error: The sandbox is not in sync with the Podfile.lock. Run 'pod install' or update your CocoaPods installation.\" >&2\n    exit 1\nfi\n# This output is used by Xcode 'outputs' to avoid re-running this script phase.\necho \"SUCCESS\" > \"${SCRIPT_OUTPUT_FILE_0}\"\n";
			showEnvVarsInLog = 0;
		};
		3D03BB6ED78690B9568764F0 /* [CP] Check Pods Manifest.lock */ = {
			isa = PBXShellScriptBuildPhase;
			buildActionMask = 2147483647;
			files = (
			);
			inputFileListPaths = (
			);
			inputPaths = (
				"${PODS_PODFILE_DIR_PATH}/Podfile.lock",
				"${PODS_ROOT}/Manifest.lock",
			);
			name = "[CP] Check Pods Manifest.lock";
			outputFileListPaths = (
			);
			outputPaths = (
				"$(DERIVED_FILE_DIR)/Pods-MVVMCoordinatorKit_Tests-checkManifestLockResult.txt",
			);
			runOnlyForDeploymentPostprocessing = 0;
			shellPath = /bin/sh;
			shellScript = "diff \"${PODS_PODFILE_DIR_PATH}/Podfile.lock\" \"${PODS_ROOT}/Manifest.lock\" > /dev/null\nif [ $? != 0 ] ; then\n    # print error to STDERR\n    echo \"error: The sandbox is not in sync with the Podfile.lock. Run 'pod install' or update your CocoaPods installation.\" >&2\n    exit 1\nfi\n# This output is used by Xcode 'outputs' to avoid re-running this script phase.\necho \"SUCCESS\" > \"${SCRIPT_OUTPUT_FILE_0}\"\n";
			showEnvVarsInLog = 0;
		};
		D6F917CDCC4D6267AA046DFF /* [CP] Embed Pods Frameworks */ = {
			isa = PBXShellScriptBuildPhase;
			buildActionMask = 2147483647;
			files = (
			);
			inputPaths = (
				"${PODS_ROOT}/Target Support Files/Pods-MVVMCoordinatorKit_Example/Pods-MVVMCoordinatorKit_Example-frameworks.sh",
				"${BUILT_PRODUCTS_DIR}/MVVMCoordinatorKit/MVVMCoordinatorKit.framework",
			);
			name = "[CP] Embed Pods Frameworks";
			outputPaths = (
				"${TARGET_BUILD_DIR}/${FRAMEWORKS_FOLDER_PATH}/MVVMCoordinatorKit.framework",
			);
			runOnlyForDeploymentPostprocessing = 0;
			shellPath = /bin/sh;
			shellScript = "\"${PODS_ROOT}/Target Support Files/Pods-MVVMCoordinatorKit_Example/Pods-MVVMCoordinatorKit_Example-frameworks.sh\"\n";
			showEnvVarsInLog = 0;
		};
/* End PBXShellScriptBuildPhase section */

/* Begin PBXSourcesBuildPhase section */
		607FACCC1AFB9204008FA782 /* Sources */ = {
			isa = PBXSourcesBuildPhase;
			buildActionMask = 2147483647;
			files = (
				70D9E6D62AA1CFC900718B2B /* CreateAccountScreenModel.swift in Sources */,
				70D9E6CC2AA1CFC900718B2B /* SetupProfileScreen.swift in Sources */,
				70B1A3FF2AA0E6B200F108A3 /* AppCoordinator.swift in Sources */,
				70D9E6D22AA1CFC900718B2B /* SuggestedCoordinator.swift in Sources */,
				70D9E6CB2AA1CFC900718B2B /* CreateAccountScreen.swift in Sources */,
				70D9E6C52AA1CFC900718B2B /* TodayCoordinator.swift in Sources */,
				607FACD81AFB9204008FA782 /* ViewController.swift in Sources */,
				70D9E6C82AA1CFC900718B2B /* AuthorizeScreenModel.swift in Sources */,
				70B1A4012AA0E6B200F108A3 /* OnboardingCoordinator.swift in Sources */,
				70D9E6CF2AA1CFC900718B2B /* TodayScreenModel.swift in Sources */,
				70D9E6D12AA1CFC900718B2B /* CreateAccountCoordinator.swift in Sources */,
				70D9E6D72AA1CFC900718B2B /* AuthorizeScreen.swift in Sources */,
				70B1A4032AA0E6B200F108A3 /* OnboardingScreenModel.swift in Sources */,
				70D9E6C62AA1CFC900718B2B /* TodayScreen.swift in Sources */,
				607FACD61AFB9204008FA782 /* AppDelegate.swift in Sources */,
				70D9E6C72AA1CFC900718B2B /* InterestsScreenModel.swift in Sources */,
				70B1A4022AA0E6B200F108A3 /* OnboardingScreen.swift in Sources */,
				70D9E6D02AA1CFC900718B2B /* HomeCoordinator.swift in Sources */,
				70D9E6C92AA1CFC900718B2B /* InterestsScreen.swift in Sources */,
				70D9E6CD2AA1CFC900718B2B /* SetupProfileScreenModel.swift in Sources */,
			);
			runOnlyForDeploymentPostprocessing = 0;
		};
		607FACE11AFB9204008FA782 /* Sources */ = {
			isa = PBXSourcesBuildPhase;
			buildActionMask = 2147483647;
			files = (
				607FACEC1AFB9204008FA782 /* Tests.swift in Sources */,
			);
			runOnlyForDeploymentPostprocessing = 0;
		};
/* End PBXSourcesBuildPhase section */

/* Begin PBXTargetDependency section */
		607FACE71AFB9204008FA782 /* PBXTargetDependency */ = {
			isa = PBXTargetDependency;
			target = 607FACCF1AFB9204008FA782 /* MVVMCoordinatorKit_Example */;
			targetProxy = 607FACE61AFB9204008FA782 /* PBXContainerItemProxy */;
		};
/* End PBXTargetDependency section */

/* Begin PBXVariantGroup section */
		607FACD91AFB9204008FA782 /* Main.storyboard */ = {
			isa = PBXVariantGroup;
			children = (
				607FACDA1AFB9204008FA782 /* Base */,
			);
			name = Main.storyboard;
			sourceTree = "<group>";
		};
		607FACDE1AFB9204008FA782 /* LaunchScreen.xib */ = {
			isa = PBXVariantGroup;
			children = (
				607FACDF1AFB9204008FA782 /* Base */,
			);
			name = LaunchScreen.xib;
			sourceTree = "<group>";
		};
/* End PBXVariantGroup section */

/* Begin XCBuildConfiguration section */
		607FACED1AFB9204008FA782 /* Debug */ = {
			isa = XCBuildConfiguration;
			buildSettings = {
				ALWAYS_SEARCH_USER_PATHS = NO;
				CLANG_CXX_LANGUAGE_STANDARD = "gnu++0x";
				CLANG_CXX_LIBRARY = "libc++";
				CLANG_ENABLE_MODULES = YES;
				CLANG_ENABLE_OBJC_ARC = YES;
				CLANG_WARN_BLOCK_CAPTURE_AUTORELEASING = YES;
				CLANG_WARN_BOOL_CONVERSION = YES;
				CLANG_WARN_COMMA = YES;
				CLANG_WARN_CONSTANT_CONVERSION = YES;
				CLANG_WARN_DIRECT_OBJC_ISA_USAGE = YES_ERROR;
				CLANG_WARN_EMPTY_BODY = YES;
				CLANG_WARN_ENUM_CONVERSION = YES;
				CLANG_WARN_INFINITE_RECURSION = YES;
				CLANG_WARN_INT_CONVERSION = YES;
				CLANG_WARN_NON_LITERAL_NULL_CONVERSION = YES;
				CLANG_WARN_OBJC_LITERAL_CONVERSION = YES;
				CLANG_WARN_OBJC_ROOT_CLASS = YES_ERROR;
				CLANG_WARN_RANGE_LOOP_ANALYSIS = YES;
				CLANG_WARN_STRICT_PROTOTYPES = YES;
				CLANG_WARN_SUSPICIOUS_MOVE = YES;
				CLANG_WARN_UNREACHABLE_CODE = YES;
				CLANG_WARN__DUPLICATE_METHOD_MATCH = YES;
				"CODE_SIGN_IDENTITY[sdk=iphoneos*]" = "iPhone Developer";
				COPY_PHASE_STRIP = NO;
				DEBUG_INFORMATION_FORMAT = "dwarf-with-dsym";
				ENABLE_STRICT_OBJC_MSGSEND = YES;
				ENABLE_TESTABILITY = YES;
				GCC_C_LANGUAGE_STANDARD = gnu99;
				GCC_DYNAMIC_NO_PIC = NO;
				GCC_NO_COMMON_BLOCKS = YES;
				GCC_OPTIMIZATION_LEVEL = 0;
				GCC_PREPROCESSOR_DEFINITIONS = (
					"DEBUG=1",
					"$(inherited)",
				);
				GCC_SYMBOLS_PRIVATE_EXTERN = NO;
				GCC_WARN_64_TO_32_BIT_CONVERSION = YES;
				GCC_WARN_ABOUT_RETURN_TYPE = YES_ERROR;
				GCC_WARN_UNDECLARED_SELECTOR = YES;
				GCC_WARN_UNINITIALIZED_AUTOS = YES_AGGRESSIVE;
				GCC_WARN_UNUSED_FUNCTION = YES;
				GCC_WARN_UNUSED_VARIABLE = YES;
				IPHONEOS_DEPLOYMENT_TARGET = 13.0;
				MTL_ENABLE_DEBUG_INFO = YES;
				ONLY_ACTIVE_ARCH = YES;
				SDKROOT = iphoneos;
				SWIFT_OPTIMIZATION_LEVEL = "-Onone";
			};
			name = Debug;
		};
		607FACEE1AFB9204008FA782 /* Release */ = {
			isa = XCBuildConfiguration;
			buildSettings = {
				ALWAYS_SEARCH_USER_PATHS = NO;
				CLANG_CXX_LANGUAGE_STANDARD = "gnu++0x";
				CLANG_CXX_LIBRARY = "libc++";
				CLANG_ENABLE_MODULES = YES;
				CLANG_ENABLE_OBJC_ARC = YES;
				CLANG_WARN_BLOCK_CAPTURE_AUTORELEASING = YES;
				CLANG_WARN_BOOL_CONVERSION = YES;
				CLANG_WARN_COMMA = YES;
				CLANG_WARN_CONSTANT_CONVERSION = YES;
				CLANG_WARN_DIRECT_OBJC_ISA_USAGE = YES_ERROR;
				CLANG_WARN_EMPTY_BODY = YES;
				CLANG_WARN_ENUM_CONVERSION = YES;
				CLANG_WARN_INFINITE_RECURSION = YES;
				CLANG_WARN_INT_CONVERSION = YES;
				CLANG_WARN_NON_LITERAL_NULL_CONVERSION = YES;
				CLANG_WARN_OBJC_LITERAL_CONVERSION = YES;
				CLANG_WARN_OBJC_ROOT_CLASS = YES_ERROR;
				CLANG_WARN_RANGE_LOOP_ANALYSIS = YES;
				CLANG_WARN_STRICT_PROTOTYPES = YES;
				CLANG_WARN_SUSPICIOUS_MOVE = YES;
				CLANG_WARN_UNREACHABLE_CODE = YES;
				CLANG_WARN__DUPLICATE_METHOD_MATCH = YES;
				"CODE_SIGN_IDENTITY[sdk=iphoneos*]" = "iPhone Developer";
				COPY_PHASE_STRIP = NO;
				DEBUG_INFORMATION_FORMAT = "dwarf-with-dsym";
				ENABLE_NS_ASSERTIONS = NO;
				ENABLE_STRICT_OBJC_MSGSEND = YES;
				GCC_C_LANGUAGE_STANDARD = gnu99;
				GCC_NO_COMMON_BLOCKS = YES;
				GCC_WARN_64_TO_32_BIT_CONVERSION = YES;
				GCC_WARN_ABOUT_RETURN_TYPE = YES_ERROR;
				GCC_WARN_UNDECLARED_SELECTOR = YES;
				GCC_WARN_UNINITIALIZED_AUTOS = YES_AGGRESSIVE;
				GCC_WARN_UNUSED_FUNCTION = YES;
				GCC_WARN_UNUSED_VARIABLE = YES;
				IPHONEOS_DEPLOYMENT_TARGET = 13.0;
				MTL_ENABLE_DEBUG_INFO = NO;
				SDKROOT = iphoneos;
				SWIFT_OPTIMIZATION_LEVEL = "-Owholemodule";
				VALIDATE_PRODUCT = YES;
			};
			name = Release;
		};
		607FACF01AFB9204008FA782 /* Debug */ = {
			isa = XCBuildConfiguration;
			baseConfigurationReference = 371809C43CCC5B3EDC25DF63 /* Pods-MVVMCoordinatorKit_Example.debug.xcconfig */;
			buildSettings = {
				ASSETCATALOG_COMPILER_APPICON_NAME = AppIcon;
				INFOPLIST_FILE = MVVMCoordinatorKit/Info.plist;
				LD_RUNPATH_SEARCH_PATHS = "$(inherited) @executable_path/Frameworks";
				MODULE_NAME = ExampleApp;
				PRODUCT_BUNDLE_IDENTIFIER = "org.cocoapods.demo.$(PRODUCT_NAME:rfc1034identifier)";
				PRODUCT_NAME = "$(TARGET_NAME)";
				SWIFT_SWIFT3_OBJC_INFERENCE = Default;
				SWIFT_VERSION = 4.0;
			};
			name = Debug;
		};
		607FACF11AFB9204008FA782 /* Release */ = {
			isa = XCBuildConfiguration;
			baseConfigurationReference = D8188E2B5F7F29FD1E04346B /* Pods-MVVMCoordinatorKit_Example.release.xcconfig */;
			buildSettings = {
				ASSETCATALOG_COMPILER_APPICON_NAME = AppIcon;
				INFOPLIST_FILE = MVVMCoordinatorKit/Info.plist;
				LD_RUNPATH_SEARCH_PATHS = "$(inherited) @executable_path/Frameworks";
				MODULE_NAME = ExampleApp;
				PRODUCT_BUNDLE_IDENTIFIER = "org.cocoapods.demo.$(PRODUCT_NAME:rfc1034identifier)";
				PRODUCT_NAME = "$(TARGET_NAME)";
				SWIFT_SWIFT3_OBJC_INFERENCE = Default;
				SWIFT_VERSION = 4.0;
			};
			name = Release;
		};
		607FACF31AFB9204008FA782 /* Debug */ = {
			isa = XCBuildConfiguration;
			baseConfigurationReference = 3367BC2C8A28260DFF6CF788 /* Pods-MVVMCoordinatorKit_Tests.debug.xcconfig */;
			buildSettings = {
				FRAMEWORK_SEARCH_PATHS = (
					"$(PLATFORM_DIR)/Developer/Library/Frameworks",
					"$(inherited)",
				);
				GCC_PREPROCESSOR_DEFINITIONS = (
					"DEBUG=1",
					"$(inherited)",
				);
				INFOPLIST_FILE = Tests/Info.plist;
				LD_RUNPATH_SEARCH_PATHS = "$(inherited) @executable_path/Frameworks @loader_path/Frameworks";
				PRODUCT_BUNDLE_IDENTIFIER = "org.cocoapods.$(PRODUCT_NAME:rfc1034identifier)";
				PRODUCT_NAME = "$(TARGET_NAME)";
				SWIFT_SWIFT3_OBJC_INFERENCE = Default;
				SWIFT_VERSION = 4.0;
				TEST_HOST = "$(BUILT_PRODUCTS_DIR)/MVVMCoordinatorKit_Example.app/MVVMCoordinatorKit_Example";
			};
			name = Debug;
		};
		607FACF41AFB9204008FA782 /* Release */ = {
			isa = XCBuildConfiguration;
			baseConfigurationReference = C3A9B71990E2B8762C569B76 /* Pods-MVVMCoordinatorKit_Tests.release.xcconfig */;
			buildSettings = {
				FRAMEWORK_SEARCH_PATHS = (
					"$(PLATFORM_DIR)/Developer/Library/Frameworks",
					"$(inherited)",
				);
				INFOPLIST_FILE = Tests/Info.plist;
				LD_RUNPATH_SEARCH_PATHS = "$(inherited) @executable_path/Frameworks @loader_path/Frameworks";
				PRODUCT_BUNDLE_IDENTIFIER = "org.cocoapods.$(PRODUCT_NAME:rfc1034identifier)";
				PRODUCT_NAME = "$(TARGET_NAME)";
				SWIFT_SWIFT3_OBJC_INFERENCE = Default;
				SWIFT_VERSION = 4.0;
				TEST_HOST = "$(BUILT_PRODUCTS_DIR)/MVVMCoordinatorKit_Example.app/MVVMCoordinatorKit_Example";
			};
			name = Release;
		};
/* End XCBuildConfiguration section */

/* Begin XCConfigurationList section */
		607FACCB1AFB9204008FA782 /* Build configuration list for PBXProject "MVVMCoordinatorKit" */ = {
			isa = XCConfigurationList;
			buildConfigurations = (
				607FACED1AFB9204008FA782 /* Debug */,
				607FACEE1AFB9204008FA782 /* Release */,
			);
			defaultConfigurationIsVisible = 0;
			defaultConfigurationName = Release;
		};
		607FACEF1AFB9204008FA782 /* Build configuration list for PBXNativeTarget "MVVMCoordinatorKit_Example" */ = {
			isa = XCConfigurationList;
			buildConfigurations = (
				607FACF01AFB9204008FA782 /* Debug */,
				607FACF11AFB9204008FA782 /* Release */,
			);
			defaultConfigurationIsVisible = 0;
			defaultConfigurationName = Release;
		};
		607FACF21AFB9204008FA782 /* Build configuration list for PBXNativeTarget "MVVMCoordinatorKit_Tests" */ = {
			isa = XCConfigurationList;
			buildConfigurations = (
				607FACF31AFB9204008FA782 /* Debug */,
				607FACF41AFB9204008FA782 /* Release */,
			);
			defaultConfigurationIsVisible = 0;
			defaultConfigurationName = Release;
		};
/* End XCConfigurationList section */
	};
	rootObject = 607FACC81AFB9204008FA782 /* Project object */;
}
